
Microsoft Visual Studio Solution File, Format Version 12.00
# Visual Studio Version 17
VisualStudioVersion = 17.14.37111.16 d17.14
MinimumVisualStudioVersion = 10.0.40219.1
Project("{FAE04EC0-301F-11D3-BF4B-00C04F79EFBC}") = "AlgorithmProcess", "AlgorithmProcess\AlgorithmProcess.csproj", "{3B6D0CDA-64AB-4268-A493-8B0F1C114860}"
EndProject
Global
	GlobalSection(SolutionConfigurationPlatforms) = preSolution
		Debug|Any CPU = Debug|Any CPU
		Debug|x64 = Debug|x64
		Release|Any CPU = Release|Any CPU
		Release|x64 = Release|x64
	EndGlobalSection
	GlobalSection(ProjectConfigurationPlatforms) = postSolution
		{3B6D0CDA-64AB-4268-A493-8B0F1C114860}.Debug|Any CPU.ActiveCfg = Debug|Any CPU
		{3B6D0CDA-64AB-4268-A493-8B0F1C114860}.Debug|Any CPU.Build.0 = Debug|Any CPU
		{3B6D0CDA-64AB-4268-A493-8B0F1C114860}.Debug|x64.ActiveCfg = Debug|x64
		{3B6D0CDA-64AB-4268-A493-8B0F1C114860}.Debug|x64.Build.0 = Debug|x64
		{3B6D0CDA-64AB-4268-A493-8B0F1C114860}.Release|Any CPU.ActiveCfg = Release|Any CPU
		{3B6D0CDA-64AB-4268-A493-8B0F1C114860}.Release|Any CPU.Build.0 = Release|Any CPU
		{3B6D0CDA-64AB-4268-A493-8B0F1C114860}.Release|x64.ActiveCfg = Release|x64
		{3B6D0CDA-64AB-4268-A493-8B0F1C114860}.Release|x64.Build.0 = Release|x64
	EndGlobalSection
	GlobalSection(SolutionProperties) = preSolution
		HideSolutionNode = FALSE
	EndGlobalSection
	GlobalSection(ExtensibilityGlobals) = postSolution
		SolutionGuid = {D407B188-D1F8-492D-AE44-D46E7A22A607}
	EndGlobalSection
EndGlobal
